
Microsoft Visual Studio Solution File, Format Version 12.00
# Visual Studio Version 17
VisualStudioVersion = 17.6.33712.159
MinimumVisualStudioVersion = 10.0.40219.1
Project("{FAE04EC0-301F-11D3-BF4B-00C04F79EFBC}") = "POC_TaskBoard.API", "POC_TaskBoard.API.csproj", "{063979B7-7A49-4975-A339-B56D93F55515}"
EndProject
Global
	GlobalSection(SolutionConfigurationPlatforms) = preSolution
		Debug|Any CPU = Debug|Any CPU
		Release|Any CPU = Release|Any CPU
	EndGlobalSection
	GlobalSection(ProjectConfigurationPlatforms) = postSolution
		{063979B7-7A49-4975-A339-B56D93F55515}.Debug|Any CPU.ActiveCfg = Debug|Any CPU
		{063979B7-7A49-4975-A339-B56D93F55515}.Debug|Any CPU.Build.0 = Debug|Any CPU
		{063979B7-7A49-4975-A339-B56D93F55515}.Release|Any CPU.ActiveCfg = Release|Any CPU
		{063979B7-7A49-4975-A339-B56D93F55515}.Release|Any CPU.Build.0 = Release|Any CPU
	EndGlobalSection
	GlobalSection(SolutionProperties) = preSolution
		HideSolutionNode = FALSE
	EndGlobalSection
	GlobalSection(ExtensibilityGlobals) = postSolution
		SolutionGuid = {1786FE4C-8602-4E8F-BDD4-2413F38117C6}
	EndGlobalSection
EndGlobal
